
Microsoft Visual Studio Solution File, Format Version 12.00
# Visual Studio Version 16
VisualStudioVersion = 16.0.29613.14
MinimumVisualStudioVersion = 10.0.40219.1
Project("{FAE04EC0-301F-11D3-BF4B-00C04F79EFBC}") = "WPFDemo", "WPFDemo.csproj", "{07517E99-03FB-4843-9304-2E210D453D69}"
EndProject
Global
	GlobalSection(SolutionConfigurationPlatforms) = preSolution
		Debug|Any CPU = Debug|Any CPU
		Release|Any CPU = Release|Any CPU
	EndGlobalSection
	GlobalSection(ProjectConfigurationPlatforms) = postSolution
		{07517E99-03FB-4843-9304-2E210D453D69}.Debug|Any CPU.ActiveCfg = Debug|Any CPU
		{07517E99-03FB-4843-9304-2E210D453D69}.Debug|Any CPU.Build.0 = Debug|Any CPU
		{07517E99-03FB-4843-9304-2E210D453D69}.Release|Any CPU.ActiveCfg = Release|Any CPU
		{07517E99-03FB-4843-9304-2E210D453D69}.Release|Any CPU.Build.0 = Release|Any CPU
	EndGlobalSection
	GlobalSection(SolutionProperties) = preSolution
		HideSolutionNode = FALSE
	EndGlobalSection
	GlobalSection(ExtensibilityGlobals) = postSolution
		SolutionGuid = {54A30D56-3BE9-4809-8F0E-EB3D26D03C22}
	EndGlobalSection
EndGlobal
